
Microsoft Visual Studio Solution File, Format Version 12.00
# Visual Studio Version 17
VisualStudioVersion = 17.0.32002.185
MinimumVisualStudioVersion = 10.0.40219.1
Project("{FAE04EC0-301F-11D3-BF4B-00C04F79EFBC}") = "SLC2020", "SLC2020\SLC2020.csproj", "{B527FDA9-7B0F-4571-B9D4-FF174DFF409C}"
EndProject
Global
	GlobalSection(SolutionConfigurationPlatforms) = preSolution
		Debug|Any CPU = Debug|Any CPU
		Release|Any CPU = Release|Any CPU
	EndGlobalSection
	GlobalSection(ProjectConfigurationPlatforms) = postSolution
		{B527FDA9-7B0F-4571-B9D4-FF174DFF409C}.Debug|Any CPU.ActiveCfg = Debug|Any CPU
		{B527FDA9-7B0F-4571-B9D4-FF174DFF409C}.Debug|Any CPU.Build.0 = Debug|Any CPU
		{B527FDA9-7B0F-4571-B9D4-FF174DFF409C}.Release|Any CPU.ActiveCfg = Release|Any CPU
		{B527FDA9-7B0F-4571-B9D4-FF174DFF409C}.Release|Any CPU.Build.0 = Release|Any CPU
	EndGlobalSection
	GlobalSection(SolutionProperties) = preSolution
		HideSolutionNode = FALSE
	EndGlobalSection
	GlobalSection(ExtensibilityGlobals) = postSolution
		SolutionGuid = {202D1804-5948-465E-A341-C85F8584DB22}
	EndGlobalSection
EndGlobal
